
Microsoft Visual Studio Solution File, Format Version 12.00
# Visual Studio Version 17
VisualStudioVersion = 17.0.31903.59
MinimumVisualStudioVersion = 10.0.40219.1
Project("{9A19103F-16F7-4668-BE54-9A1E7A4F7556}") = "VNLib.Hashing.Portable", "lib\Hashing.Portable\src\VNLib.Hashing.Portable.csproj", "{A98E6166-C836-4EDE-9B0E-B5B3624EC8FE}"
EndProject
Project("{9A19103F-16F7-4668-BE54-9A1E7A4F7556}") = "VNLib.Net.Http", "lib\Net.Http\src\VNLib.Net.Http.csproj", "{5BB717C4-A2B8-493D-B9CA-8097FD3AB0A4}"
EndProject
Project("{9A19103F-16F7-4668-BE54-9A1E7A4F7556}") = "VNLib.Net.Messaging.FBM", "lib\Net.Messaging.FBM\src\VNLib.Net.Messaging.FBM.csproj", "{A88A4424-1537-4EA1-9B16-920CE450B83E}"
EndProject
Project("{9A19103F-16F7-4668-BE54-9A1E7A4F7556}") = "VNLib.Net.Transport.SimpleTCP", "lib\Net.Transport.SimpleTCP\src\VNLib.Net.Transport.SimpleTCP.csproj", "{05E8CFD3-C678-4A75-8173-2E1C9F86C650}"
EndProject
Project("{9A19103F-16F7-4668-BE54-9A1E7A4F7556}") = "VNLib.Plugins", "lib\Plugins\src\VNLib.Plugins.csproj", "{4F7FD27D-F7A9-4BFA-AE82-81C1BD27F6D5}"
EndProject
Project("{9A19103F-16F7-4668-BE54-9A1E7A4F7556}") = "VNLib.Plugins.Essentials", "lib\Plugins.Essentials\src\VNLib.Plugins.Essentials.csproj", "{46467E6F-9B97-47B2-B5D4-4CF74338682B}"
EndProject
Project("{9A19103F-16F7-4668-BE54-9A1E7A4F7556}") = "VNLib.Plugins.Essentials.ServiceStack", "lib\Plugins.Essentials.ServiceStack\src\VNLib.Plugins.Essentials.ServiceStack.csproj", "{5C4699CB-DC05-42BC-81B5-B6ABEE1B7063}"
EndProject
Project("{9A19103F-16F7-4668-BE54-9A1E7A4F7556}") = "VNLib.Plugins.Runtime", "lib\Plugins.Runtime\src\VNLib.Plugins.Runtime.csproj", "{128A3DAE-7CDF-4075-A552-0FD8C9AFCCEC}"
EndProject
Project("{9A19103F-16F7-4668-BE54-9A1E7A4F7556}") = "VNLib.Utils", "lib\Utils\src\VNLib.Utils.csproj", "{ED9B6918-1129-485F-9278-F9BCF13FE161}"
EndProject
Project("{9A19103F-16F7-4668-BE54-9A1E7A4F7556}") = "VNLib.Net.Rest.Client", "lib\Net.Rest.Client\src\VNLib.Net.Rest.Client.csproj", "{4091D0B2-B4F6-4BB4-A44E-44A128AD1628}"
EndProject
Project("{9A19103F-16F7-4668-BE54-9A1E7A4F7556}") = "VNLib.Plugins.PluginBase", "lib\Plugins.PluginBase\src\VNLib.Plugins.PluginBase.csproj", "{68E4D3E2-AE19-403F-8436-1D87924B3903}"
EndProject
Project("{2150E333-8FDC-42A3-9474-1A3956D46DE8}") = "Solution Items", "Solution Items", "{7E900836-E8C1-468E-899A-8FC82526F246}"
	ProjectSection(SolutionItems) = preProject
		.editorconfig = .editorconfig
		.gitignore = .gitignore
		.onedev-buildspec.yml = .onedev-buildspec.yml
		GitVersion.yml = GitVersion.yml
		Module.Taskfile.yaml = Module.Taskfile.yaml
		README.md = README.md
		Taskfile.yaml = Taskfile.yaml
	EndProjectSection
EndProject
Project("{2150E333-8FDC-42A3-9474-1A3956D46DE8}") = "Compression", "Compression", "{A7EC3CF5-76B0-4235-AE9F-05409E3308B9}"
EndProject
Project("{9A19103F-16F7-4668-BE54-9A1E7A4F7556}") = "VNLib.Net.Compression", "lib\Net.Compression\VNLib.Net.Compression\VNLib.Net.Compression.csproj", "{4F7DCA8A-8B67-4277-8F14-FA43E479CB9B}"
EndProject
Project("{2150E333-8FDC-42A3-9474-1A3956D46DE8}") = "Utils", "Utils", "{C8AB039C-E368-4C51-920D-06F2CEB2C95A}"
EndProject
Project("{2150E333-8FDC-42A3-9474-1A3956D46DE8}") = "apps", "apps", "{7FEF3272-325A-4915-AC87-4300E48E0428}"
EndProject
Project("{9A19103F-16F7-4668-BE54-9A1E7A4F7556}") = "VNLib.WebServer", "apps\VNLib.WebServer\src\VNLib.WebServer.csproj", "{1C87FC71-9BC8-4FC1-8A99-9B9F373D1B3A}"
EndProject
Project("{2150E333-8FDC-42A3-9474-1A3956D46DE8}") = "third-party", "third-party", "{1DABF62F-1321-4854-A365-17F17B1BB994}"
EndProject
Project("{9A19103F-16F7-4668-BE54-9A1E7A4F7556}") = "McMaster.NETCore.Plugins", "third-party\DotNetCorePlugins\src\McMaster.NETCore.Plugins.csproj", "{5B330B55-D802-45FB-A09F-50654DC9442A}"
EndProject
Project("{2150E333-8FDC-42A3-9474-1A3956D46DE8}") = "lib", "lib", "{2E02CD05-8D6C-48E3-AC86-B1DC8283B04B}"
EndProject
Project("{2150E333-8FDC-42A3-9474-1A3956D46DE8}") = "Cryptography", "Cryptography", "{D0A82AB3-967B-4588-89F7-529E20909597}"
EndProject
Project("{2150E333-8FDC-42A3-9474-1A3956D46DE8}") = "tests", "tests", "{C373C8DD-B13B-496C-8832-ADE5547CB2F8}"
EndProject
Project("{FAE04EC0-301F-11D3-BF4B-00C04F79EFBC}") = "VNLib.Net.CompressionTests", "tests\vnlib.net.compression\VNLib.Net.CompressionTests.csproj", "{056DF750-A19C-47E9-849C-58C890C178F0}"
EndProject
Project("{FAE04EC0-301F-11D3-BF4B-00C04F79EFBC}") = "VNLib.UtilsTests", "tests\vnlib.utils\VNLib.UtilsTests.csproj", "{8FD2C02C-2913-4AB9-9439-ED0252EFB2F5}"
EndProject
Project("{FAE04EC0-301F-11D3-BF4B-00C04F79EFBC}") = "VNLib.Hashing.PortableTests", "tests\vnlib.hashing.portable\VNLib.Hashing.PortableTests.csproj", "{AAB8EA74-218E-451A-B236-A175E82C74AF}"
EndProject
Project("{FAE04EC0-301F-11D3-BF4B-00C04F79EFBC}") = "VNLib.Net.Messaging.FBM.Tests", "tests\vnlib.net.messaging.fbm\VNLib.Net.Messaging.FBM.Tests.csproj", "{2B1BDAE7-679D-265E-788A-186A32411A59}"
EndProject
Global
	GlobalSection(SolutionConfigurationPlatforms) = preSolution
		Debug|Any CPU = Debug|Any CPU
		Debug|x64 = Debug|x64
		Debug|x86 = Debug|x86
		Release|Any CPU = Release|Any CPU
		Release|x64 = Release|x64
		Release|x86 = Release|x86
	EndGlobalSection
	GlobalSection(ProjectConfigurationPlatforms) = postSolution
		{A98E6166-C836-4EDE-9B0E-B5B3624EC8FE}.Debug|Any CPU.ActiveCfg = Debug|Any CPU
		{A98E6166-C836-4EDE-9B0E-B5B3624EC8FE}.Debug|Any CPU.Build.0 = Debug|Any CPU
		{A98E6166-C836-4EDE-9B0E-B5B3624EC8FE}.Debug|x64.ActiveCfg = Debug|Any CPU
		{A98E6166-C836-4EDE-9B0E-B5B3624EC8FE}.Debug|x64.Build.0 = Debug|Any CPU
		{A98E6166-C836-4EDE-9B0E-B5B3624EC8FE}.Debug|x86.ActiveCfg = Debug|Any CPU
		{A98E6166-C836-4EDE-9B0E-B5B3624EC8FE}.Debug|x86.Build.0 = Debug|Any CPU
		{A98E6166-C836-4EDE-9B0E-B5B3624EC8FE}.Release|Any CPU.ActiveCfg = Release|Any CPU
		{A98E6166-C836-4EDE-9B0E-B5B3624EC8FE}.Release|Any CPU.Build.0 = Release|Any CPU
		{A98E6166-C836-4EDE-9B0E-B5B3624EC8FE}.Release|x64.ActiveCfg = Release|Any CPU
		{A98E6166-C836-4EDE-9B0E-B5B3624EC8FE}.Release|x64.Build.0 = Release|Any CPU
		{A98E6166-C836-4EDE-9B0E-B5B3624EC8FE}.Release|x86.ActiveCfg = Release|Any CPU
		{A98E6166-C836-4EDE-9B0E-B5B3624EC8FE}.Release|x86.Build.0 = Release|Any CPU
		{5BB717C4-A2B8-493D-B9CA-8097FD3AB0A4}.Debug|Any CPU.ActiveCfg = Debug|Any CPU
		{5BB717C4-A2B8-493D-B9CA-8097FD3AB0A4}.Debug|Any CPU.Build.0 = Debug|Any CPU
		{5BB717C4-A2B8-493D-B9CA-8097FD3AB0A4}.Debug|x64.ActiveCfg = Debug|Any CPU
		{5BB717C4-A2B8-493D-B9CA-8097FD3AB0A4}.Debug|x64.Build.0 = Debug|Any CPU
		{5BB717C4-A2B8-493D-B9CA-8097FD3AB0A4}.Debug|x86.ActiveCfg = Debug|Any CPU
		{5BB717C4-A2B8-493D-B9CA-8097FD3AB0A4}.Debug|x86.Build.0 = Debug|Any CPU
		{5BB717C4-A2B8-493D-B9CA-8097FD3AB0A4}.Release|Any CPU.ActiveCfg = Release|Any CPU
		{5BB717C4-A2B8-493D-B9CA-8097FD3AB0A4}.Release|Any CPU.Build.0 = Release|Any CPU
		{5BB717C4-A2B8-493D-B9CA-8097FD3AB0A4}.Release|x64.ActiveCfg = Release|Any CPU
		{5BB717C4-A2B8-493D-B9CA-8097FD3AB0A4}.Release|x64.Build.0 = Release|Any CPU
		{5BB717C4-A2B8-493D-B9CA-8097FD3AB0A4}.Release|x86.ActiveCfg = Release|Any CPU
		{5BB717C4-A2B8-493D-B9CA-8097FD3AB0A4}.Release|x86.Build.0 = Release|Any CPU
		{A88A4424-1537-4EA1-9B16-920CE450B83E}.Debug|Any CPU.ActiveCfg = Debug|Any CPU
		{A88A4424-1537-4EA1-9B16-920CE450B83E}.Debug|Any CPU.Build.0 = Debug|Any CPU
		{A88A4424-1537-4EA1-9B16-920CE450B83E}.Debug|x64.ActiveCfg = Debug|Any CPU
		{A88A4424-1537-4EA1-9B16-920CE450B83E}.Debug|x64.Build.0 = Debug|Any CPU
		{A88A4424-1537-4EA1-9B16-920CE450B83E}.Debug|x86.ActiveCfg = Debug|Any CPU
		{A88A4424-1537-4EA1-9B16-920CE450B83E}.Debug|x86.Build.0 = Debug|Any CPU
		{A88A4424-1537-4EA1-9B16-920CE450B83E}.Release|Any CPU.ActiveCfg = Release|Any CPU
		{A88A4424-1537-4EA1-9B16-920CE450B83E}.Release|Any CPU.Build.0 = Release|Any CPU
		{A88A4424-1537-4EA1-9B16-920CE450B83E}.Release|x64.ActiveCfg = Release|Any CPU
		{A88A4424-1537-4EA1-9B16-920CE450B83E}.Release|x64.Build.0 = Release|Any CPU
		{A88A4424-1537-4EA1-9B16-920CE450B83E}.Release|x86.ActiveCfg = Release|Any CPU
		{A88A4424-1537-4EA1-9B16-920CE450B83E}.Release|x86.Build.0 = Release|Any CPU
		{05E8CFD3-C678-4A75-8173-2E1C9F86C650}.Debug|Any CPU.ActiveCfg = Debug|Any CPU
		{05E8CFD3-C678-4A75-8173-2E1C9F86C650}.Debug|Any CPU.Build.0 = Debug|Any CPU
		{05E8CFD3-C678-4A75-8173-2E1C9F86C650}.Debug|x64.ActiveCfg = Debug|Any CPU
		{05E8CFD3-C678-4A75-8173-2E1C9F86C650}.Debug|x64.Build.0 = Debug|Any CPU
		{05E8CFD3-C678-4A75-8173-2E1C9F86C650}.Debug|x86.ActiveCfg = Debug|Any CPU
		{05E8CFD3-C678-4A75-8173-2E1C9F86C650}.Debug|x86.Build.0 = Debug|Any CPU
		{05E8CFD3-C678-4A75-8173-2E1C9F86C650}.Release|Any CPU.ActiveCfg = Release|Any CPU
		{05E8CFD3-C678-4A75-8173-2E1C9F86C650}.Release|Any CPU.Build.0 = Release|Any CPU
		{05E8CFD3-C678-4A75-8173-2E1C9F86C650}.Release|x64.ActiveCfg = Release|Any CPU
		{05E8CFD3-C678-4A75-8173-2E1C9F86C650}.Release|x64.Build.0 = Release|Any CPU
		{05E8CFD3-C678-4A75-8173-2E1C9F86C650}.Release|x86.ActiveCfg = Release|Any CPU
		{05E8CFD3-C678-4A75-8173-2E1C9F86C650}.Release|x86.Build.0 = Release|Any CPU
		{4F7FD27D-F7A9-4BFA-AE82-81C1BD27F6D5}.Debug|Any CPU.ActiveCfg = Debug|Any CPU
		{4F7FD27D-F7A9-4BFA-AE82-81C1BD27F6D5}.Debug|Any CPU.Build.0 = Debug|Any CPU
		{4F7FD27D-F7A9-4BFA-AE82-81C1BD27F6D5}.Debug|x64.ActiveCfg = Debug|Any CPU
		{4F7FD27D-F7A9-4BFA-AE82-81C1BD27F6D5}.Debug|x64.Build.0 = Debug|Any CPU
		{4F7FD27D-F7A9-4BFA-AE82-81C1BD27F6D5}.Debug|x86.ActiveCfg = Debug|Any CPU
		{4F7FD27D-F7A9-4BFA-AE82-81C1BD27F6D5}.Debug|x86.Build.0 = Debug|Any CPU
		{4F7FD27D-F7A9-4BFA-AE82-81C1BD27F6D5}.Release|Any CPU.ActiveCfg = Release|Any CPU
		{4F7FD27D-F7A9-4BFA-AE82-81C1BD27F6D5}.Release|Any CPU.Build.0 = Release|Any CPU
		{4F7FD27D-F7A9-4BFA-AE82-81C1BD27F6D5}.Release|x64.ActiveCfg = Release|Any CPU
		{4F7FD27D-F7A9-4BFA-AE82-81C1BD27F6D5}.Release|x64.Build.0 = Release|Any CPU
		{4F7FD27D-F7A9-4BFA-AE82-81C1BD27F6D5}.Release|x86.ActiveCfg = Release|Any CPU
		{4F7FD27D-F7A9-4BFA-AE82-81C1BD27F6D5}.Release|x86.Build.0 = Release|Any CPU
		{46467E6F-9B97-47B2-B5D4-4CF74338682B}.Debug|Any CPU.ActiveCfg = Debug|Any CPU
		{46467E6F-9B97-47B2-B5D4-4CF74338682B}.Debug|Any CPU.Build.0 = Debug|Any CPU
		{46467E6F-9B97-47B2-B5D4-4CF74338682B}.Debug|x64.ActiveCfg = Debug|Any CPU
		{46467E6F-9B97-47B2-B5D4-4CF74338682B}.Debug|x64.Build.0 = Debug|Any CPU
		{46467E6F-9B97-47B2-B5D4-4CF74338682B}.Debug|x86.ActiveCfg = Debug|Any CPU
		{46467E6F-9B97-47B2-B5D4-4CF74338682B}.Debug|x86.Build.0 = Debug|Any CPU
		{46467E6F-9B97-47B2-B5D4-4CF74338682B}.Release|Any CPU.ActiveCfg = Release|Any CPU
		{46467E6F-9B97-47B2-B5D4-4CF74338682B}.Release|Any CPU.Build.0 = Release|Any CPU
		{46467E6F-9B97-47B2-B5D4-4CF74338682B}.Release|x64.ActiveCfg = Release|Any CPU
		{46467E6F-9B97-47B2-B5D4-4CF74338682B}.Release|x64.Build.0 = Release|Any CPU
		{46467E6F-9B97-47B2-B5D4-4CF74338682B}.Release|x86.ActiveCfg = Release|Any CPU
		{46467E6F-9B97-47B2-B5D4-4CF74338682B}.Release|x86.Build.0 = Release|Any CPU
		{5C4699CB-DC05-42BC-81B5-B6ABEE1B7063}.Debug|Any CPU.ActiveCfg = Debug|Any CPU
		{5C4699CB-DC05-42BC-81B5-B6ABEE1B7063}.Debug|Any CPU.Build.0 = Debug|Any CPU
		{5C4699CB-DC05-42BC-81B5-B6ABEE1B7063}.Debug|x64.ActiveCfg = Debug|Any CPU
		{5C4699CB-DC05-42BC-81B5-B6ABEE1B7063}.Debug|x64.Build.0 = Debug|Any CPU
		{5C4699CB-DC05-42BC-81B5-B6ABEE1B7063}.Debug|x86.ActiveCfg = Debug|Any CPU
		{5C4699CB-DC05-42BC-81B5-B6ABEE1B7063}.Debug|x86.Build.0 = Debug|Any CPU
		{5C4699CB-DC05-42BC-81B5-B6ABEE1B7063}.Release|Any CPU.ActiveCfg = Release|Any CPU
		{5C4699CB-DC05-42BC-81B5-B6ABEE1B7063}.Release|Any CPU.Build.0 = Release|Any CPU
		{5C4699CB-DC05-42BC-81B5-B6ABEE1B7063}.Release|x64.ActiveCfg = Release|Any CPU
		{5C4699CB-DC05-42BC-81B5-B6ABEE1B7063}.Release|x64.Build.0 = Release|Any CPU
		{5C4699CB-DC05-42BC-81B5-B6ABEE1B7063}.Release|x86.ActiveCfg = Release|Any CPU
		{5C4699CB-DC05-42BC-81B5-B6ABEE1B7063}.Release|x86.Build.0 = Release|Any CPU
		{128A3DAE-7CDF-4075-A552-0FD8C9AFCCEC}.Debug|Any CPU.ActiveCfg = Debug|Any CPU
		{128A3DAE-7CDF-4075-A552-0FD8C9AFCCEC}.Debug|Any CPU.Build.0 = Debug|Any CPU
		{128A3DAE-7CDF-4075-A552-0FD8C9AFCCEC}.Debug|x64.ActiveCfg = Debug|Any CPU
		{128A3DAE-7CDF-4075-A552-0FD8C9AFCCEC}.Debug|x64.Build.0 = Debug|Any CPU
		{128A3DAE-7CDF-4075-A552-0FD8C9AFCCEC}.Debug|x86.ActiveCfg = Debug|Any CPU
		{128A3DAE-7CDF-4075-A552-0FD8C9AFCCEC}.Debug|x86.Build.0 = Debug|Any CPU
		{128A3DAE-7CDF-4075-A552-0FD8C9AFCCEC}.Release|Any CPU.ActiveCfg = Release|Any CPU
		{128A3DAE-7CDF-4075-A552-0FD8C9AFCCEC}.Release|Any CPU.Build.0 = Release|Any CPU
		{128A3DAE-7CDF-4075-A552-0FD8C9AFCCEC}.Release|x64.ActiveCfg = Release|Any CPU
		{128A3DAE-7CDF-4075-A552-0FD8C9AFCCEC}.Release|x64.Build.0 = Release|Any CPU
		{128A3DAE-7CDF-4075-A552-0FD8C9AFCCEC}.Release|x86.ActiveCfg = Release|Any CPU
		{128A3DAE-7CDF-4075-A552-0FD8C9AFCCEC}.Release|x86.Build.0 = Release|Any CPU
		{ED9B6918-1129-485F-9278-F9BCF13FE161}.Debug|Any CPU.ActiveCfg = Debug|Any CPU
		{ED9B6918-1129-485F-9278-F9BCF13FE161}.Debug|Any CPU.Build.0 = Debug|Any CPU
		{ED9B6918-1129-485F-9278-F9BCF13FE161}.Debug|x64.ActiveCfg = Debug|Any CPU
		{ED9B6918-1129-485F-9278-F9BCF13FE161}.Debug|x64.Build.0 = Debug|Any CPU
		{ED9B6918-1129-485F-9278-F9BCF13FE161}.Debug|x86.ActiveCfg = Debug|Any CPU
		{ED9B6918-1129-485F-9278-F9BCF13FE161}.Debug|x86.Build.0 = Debug|Any CPU
		{ED9B6918-1129-485F-9278-F9BCF13FE161}.Release|Any CPU.ActiveCfg = Release|Any CPU
		{ED9B6918-1129-485F-9278-F9BCF13FE161}.Release|Any CPU.Build.0 = Release|Any CPU
		{ED9B6918-1129-485F-9278-F9BCF13FE161}.Release|x64.ActiveCfg = Release|Any CPU
		{ED9B6918-1129-485F-9278-F9BCF13FE161}.Release|x64.Build.0 = Release|Any CPU
		{ED9B6918-1129-485F-9278-F9BCF13FE161}.Release|x86.ActiveCfg = Release|Any CPU
		{ED9B6918-1129-485F-9278-F9BCF13FE161}.Release|x86.Build.0 = Release|Any CPU
		{4091D0B2-B4F6-4BB4-A44E-44A128AD1628}.Debug|Any CPU.ActiveCfg = Debug|Any CPU
		{4091D0B2-B4F6-4BB4-A44E-44A128AD1628}.Debug|Any CPU.Build.0 = Debug|Any CPU
		{4091D0B2-B4F6-4BB4-A44E-44A128AD1628}.Debug|x64.ActiveCfg = Debug|Any CPU
		{4091D0B2-B4F6-4BB4-A44E-44A128AD1628}.Debug|x64.Build.0 = Debug|Any CPU
		{4091D0B2-B4F6-4BB4-A44E-44A128AD1628}.Debug|x86.ActiveCfg = Debug|Any CPU
		{4091D0B2-B4F6-4BB4-A44E-44A128AD1628}.Debug|x86.Build.0 = Debug|Any CPU
		{4091D0B2-B4F6-4BB4-A44E-44A128AD1628}.Release|Any CPU.ActiveCfg = Release|Any CPU
		{4091D0B2-B4F6-4BB4-A44E-44A128AD1628}.Release|Any CPU.Build.0 = Release|Any CPU
		{4091D0B2-B4F6-4BB4-A44E-44A128AD1628}.Release|x64.ActiveCfg = Release|Any CPU
		{4091D0B2-B4F6-4BB4-A44E-44A128AD1628}.Release|x64.Build.0 = Release|Any CPU
		{4091D0B2-B4F6-4BB4-A44E-44A128AD1628}.Release|x86.ActiveCfg = Release|Any CPU
		{4091D0B2-B4F6-4BB4-A44E-44A128AD1628}.Release|x86.Build.0 = Release|Any CPU
		{68E4D3E2-AE19-403F-8436-1D87924B3903}.Debug|Any CPU.ActiveCfg = Debug|Any CPU
		{68E4D3E2-AE19-403F-8436-1D87924B3903}.Debug|Any CPU.Build.0 = Debug|Any CPU
		{68E4D3E2-AE19-403F-8436-1D87924B3903}.Debug|x64.ActiveCfg = Debug|Any CPU
		{68E4D3E2-AE19-403F-8436-1D87924B3903}.Debug|x64.Build.0 = Debug|Any CPU
		{68E4D3E2-AE19-403F-8436-1D87924B3903}.Debug|x86.ActiveCfg = Debug|Any CPU
		{68E4D3E2-AE19-403F-8436-1D87924B3903}.Debug|x86.Build.0 = Debug|Any CPU
		{68E4D3E2-AE19-403F-8436-1D87924B3903}.Release|Any CPU.ActiveCfg = Release|Any CPU
		{68E4D3E2-AE19-403F-8436-1D87924B3903}.Release|Any CPU.Build.0 = Release|Any CPU
		{68E4D3E2-AE19-403F-8436-1D87924B3903}.Release|x64.ActiveCfg = Release|Any CPU
		{68E4D3E2-AE19-403F-8436-1D87924B3903}.Release|x64.Build.0 = Release|Any CPU
		{68E4D3E2-AE19-403F-8436-1D87924B3903}.Release|x86.ActiveCfg = Release|Any CPU
		{68E4D3E2-AE19-403F-8436-1D87924B3903}.Release|x86.Build.0 = Release|Any CPU
		{4F7DCA8A-8B67-4277-8F14-FA43E479CB9B}.Debug|Any CPU.ActiveCfg = Debug|Any CPU
		{4F7DCA8A-8B67-4277-8F14-FA43E479CB9B}.Debug|Any CPU.Build.0 = Debug|Any CPU
		{4F7DCA8A-8B67-4277-8F14-FA43E479CB9B}.Debug|x64.ActiveCfg = Debug|Any CPU
		{4F7DCA8A-8B67-4277-8F14-FA43E479CB9B}.Debug|x64.Build.0 = Debug|Any CPU
		{4F7DCA8A-8B67-4277-8F14-FA43E479CB9B}.Debug|x86.ActiveCfg = Debug|Any CPU
		{4F7DCA8A-8B67-4277-8F14-FA43E479CB9B}.Debug|x86.Build.0 = Debug|Any CPU
		{4F7DCA8A-8B67-4277-8F14-FA43E479CB9B}.Release|Any CPU.ActiveCfg = Release|Any CPU
		{4F7DCA8A-8B67-4277-8F14-FA43E479CB9B}.Release|Any CPU.Build.0 = Release|Any CPU
		{4F7DCA8A-8B67-4277-8F14-FA43E479CB9B}.Release|x64.ActiveCfg = Release|Any CPU
		{4F7DCA8A-8B67-4277-8F14-FA43E479CB9B}.Release|x64.Build.0 = Release|Any CPU
		{4F7DCA8A-8B67-4277-8F14-FA43E479CB9B}.Release|x86.ActiveCfg = Release|Any CPU
		{4F7DCA8A-8B67-4277-8F14-FA43E479CB9B}.Release|x86.Build.0 = Release|Any CPU
		{1C87FC71-9BC8-4FC1-8A99-9B9F373D1B3A}.Debug|Any CPU.ActiveCfg = Debug|Any CPU
		{1C87FC71-9BC8-4FC1-8A99-9B9F373D1B3A}.Debug|x64.ActiveCfg = Debug|Any CPU
		{1C87FC71-9BC8-4FC1-8A99-9B9F373D1B3A}.Debug|x64.Build.0 = Debug|Any CPU
		{1C87FC71-9BC8-4FC1-8A99-9B9F373D1B3A}.Debug|x86.ActiveCfg = Debug|Any CPU
		{1C87FC71-9BC8-4FC1-8A99-9B9F373D1B3A}.Debug|x86.Build.0 = Debug|Any CPU
		{1C87FC71-9BC8-4FC1-8A99-9B9F373D1B3A}.Release|Any CPU.ActiveCfg = Release|Any CPU
		{1C87FC71-9BC8-4FC1-8A99-9B9F373D1B3A}.Release|x64.ActiveCfg = Release|Any CPU
		{1C87FC71-9BC8-4FC1-8A99-9B9F373D1B3A}.Release|x64.Build.0 = Release|Any CPU
		{1C87FC71-9BC8-4FC1-8A99-9B9F373D1B3A}.Release|x86.ActiveCfg = Release|Any CPU
		{1C87FC71-9BC8-4FC1-8A99-9B9F373D1B3A}.Release|x86.Build.0 = Release|Any CPU
		{5B330B55-D802-45FB-A09F-50654DC9442A}.Debug|Any CPU.ActiveCfg = Debug|Any CPU
		{5B330B55-D802-45FB-A09F-50654DC9442A}.Debug|x64.ActiveCfg = Debug|Any CPU
		{5B330B55-D802-45FB-A09F-50654DC9442A}.Debug|x64.Build.0 = Debug|Any CPU
		{5B330B55-D802-45FB-A09F-50654DC9442A}.Debug|x86.ActiveCfg = Debug|Any CPU
		{5B330B55-D802-45FB-A09F-50654DC9442A}.Debug|x86.Build.0 = Debug|Any CPU
		{5B330B55-D802-45FB-A09F-50654DC9442A}.Release|Any CPU.ActiveCfg = Release|Any CPU
		{5B330B55-D802-45FB-A09F-50654DC9442A}.Release|x64.ActiveCfg = Release|Any CPU
		{5B330B55-D802-45FB-A09F-50654DC9442A}.Release|x64.Build.0 = Release|Any CPU
		{5B330B55-D802-45FB-A09F-50654DC9442A}.Release|x86.ActiveCfg = Release|Any CPU
		{5B330B55-D802-45FB-A09F-50654DC9442A}.Release|x86.Build.0 = Release|Any CPU
		{056DF750-A19C-47E9-849C-58C890C178F0}.Debug|Any CPU.ActiveCfg = Debug|Any CPU
		{056DF750-A19C-47E9-849C-58C890C178F0}.Debug|Any CPU.Build.0 = Debug|Any CPU
		{056DF750-A19C-47E9-849C-58C890C178F0}.Debug|x64.ActiveCfg = Debug|Any CPU
		{056DF750-A19C-47E9-849C-58C890C178F0}.Debug|x64.Build.0 = Debug|Any CPU
		{056DF750-A19C-47E9-849C-58C890C178F0}.Debug|x86.ActiveCfg = Debug|Any CPU
		{056DF750-A19C-47E9-849C-58C890C178F0}.Debug|x86.Build.0 = Debug|Any CPU
		{056DF750-A19C-47E9-849C-58C890C178F0}.Release|Any CPU.ActiveCfg = Release|Any CPU
		{056DF750-A19C-47E9-849C-58C890C178F0}.Release|Any CPU.Build.0 = Release|Any CPU
		{056DF750-A19C-47E9-849C-58C890C178F0}.Release|x64.ActiveCfg = Release|Any CPU
		{056DF750-A19C-47E9-849C-58C890C178F0}.Release|x64.Build.0 = Release|Any CPU
		{056DF750-A19C-47E9-849C-58C890C178F0}.Release|x86.ActiveCfg = Release|Any CPU
		{056DF750-A19C-47E9-849C-58C890C178F0}.Release|x86.Build.0 = Release|Any CPU
		{8FD2C02C-2913-4AB9-9439-ED0252EFB2F5}.Debug|Any CPU.ActiveCfg = Debug|Any CPU
		{8FD2C02C-2913-4AB9-9439-ED0252EFB2F5}.Debug|Any CPU.Build.0 = Debug|Any CPU
		{8FD2C02C-2913-4AB9-9439-ED0252EFB2F5}.Debug|x64.ActiveCfg = Debug|Any CPU
		{8FD2C02C-2913-4AB9-9439-ED0252EFB2F5}.Debug|x64.Build.0 = Debug|Any CPU
		{8FD2C02C-2913-4AB9-9439-ED0252EFB2F5}.Debug|x86.ActiveCfg = Debug|Any CPU
		{8FD2C02C-2913-4AB9-9439-ED0252EFB2F5}.Debug|x86.Build.0 = Debug|Any CPU
		{8FD2C02C-2913-4AB9-9439-ED0252EFB2F5}.Release|Any CPU.ActiveCfg = Release|Any CPU
		{8FD2C02C-2913-4AB9-9439-ED0252EFB2F5}.Release|Any CPU.Build.0 = Release|Any CPU
		{8FD2C02C-2913-4AB9-9439-ED0252EFB2F5}.Release|x64.ActiveCfg = Release|Any CPU
		{8FD2C02C-2913-4AB9-9439-ED0252EFB2F5}.Release|x64.Build.0 = Release|Any CPU
		{8FD2C02C-2913-4AB9-9439-ED0252EFB2F5}.Release|x86.ActiveCfg = Release|Any CPU
		{8FD2C02C-2913-4AB9-9439-ED0252EFB2F5}.Release|x86.Build.0 = Release|Any CPU
		{AAB8EA74-218E-451A-B236-A175E82C74AF}.Debug|Any CPU.ActiveCfg = Debug|Any CPU
		{AAB8EA74-218E-451A-B236-A175E82C74AF}.Debug|Any CPU.Build.0 = Debug|Any CPU
		{AAB8EA74-218E-451A-B236-A175E82C74AF}.Debug|x64.ActiveCfg = Debug|Any CPU
		{AAB8EA74-218E-451A-B236-A175E82C74AF}.Debug|x64.Build.0 = Debug|Any CPU
		{AAB8EA74-218E-451A-B236-A175E82C74AF}.Debug|x86.ActiveCfg = Debug|Any CPU
		{AAB8EA74-218E-451A-B236-A175E82C74AF}.Debug|x86.Build.0 = Debug|Any CPU
		{AAB8EA74-218E-451A-B236-A175E82C74AF}.Release|Any CPU.ActiveCfg = Release|Any CPU
		{AAB8EA74-218E-451A-B236-A175E82C74AF}.Release|Any CPU.Build.0 = Release|Any CPU
		{AAB8EA74-218E-451A-B236-A175E82C74AF}.Release|x64.ActiveCfg = Release|Any CPU
		{AAB8EA74-218E-451A-B236-A175E82C74AF}.Release|x64.Build.0 = Release|Any CPU
		{AAB8EA74-218E-451A-B236-A175E82C74AF}.Release|x86.ActiveCfg = Release|Any CPU
		{AAB8EA74-218E-451A-B236-A175E82C74AF}.Release|x86.Build.0 = Release|Any CPU
		{2B1BDAE7-679D-265E-788A-186A32411A59}.Debug|Any CPU.ActiveCfg = Debug|Any CPU
		{2B1BDAE7-679D-265E-788A-186A32411A59}.Debug|Any CPU.Build.0 = Debug|Any CPU
		{2B1BDAE7-679D-265E-788A-186A32411A59}.Debug|x64.ActiveCfg = Debug|Any CPU
		{2B1BDAE7-679D-265E-788A-186A32411A59}.Debug|x64.Build.0 = Debug|Any CPU
		{2B1BDAE7-679D-265E-788A-186A32411A59}.Debug|x86.ActiveCfg = Debug|Any CPU
		{2B1BDAE7-679D-265E-788A-186A32411A59}.Debug|x86.Build.0 = Debug|Any CPU
		{2B1BDAE7-679D-265E-788A-186A32411A59}.Release|Any CPU.ActiveCfg = Release|Any CPU
		{2B1BDAE7-679D-265E-788A-186A32411A59}.Release|Any CPU.Build.0 = Release|Any CPU
		{2B1BDAE7-679D-265E-788A-186A32411A59}.Release|x64.ActiveCfg = Release|Any CPU
		{2B1BDAE7-679D-265E-788A-186A32411A59}.Release|x64.Build.0 = Release|Any CPU
		{2B1BDAE7-679D-265E-788A-186A32411A59}.Release|x86.ActiveCfg = Release|Any CPU
		{2B1BDAE7-679D-265E-788A-186A32411A59}.Release|x86.Build.0 = Release|Any CPU
	EndGlobalSection
	GlobalSection(SolutionProperties) = preSolution
		HideSolutionNode = FALSE
	EndGlobalSection
	GlobalSection(NestedProjects) = preSolution
		{A98E6166-C836-4EDE-9B0E-B5B3624EC8FE} = {D0A82AB3-967B-4588-89F7-529E20909597}
		{5BB717C4-A2B8-493D-B9CA-8097FD3AB0A4} = {2E02CD05-8D6C-48E3-AC86-B1DC8283B04B}
		{A88A4424-1537-4EA1-9B16-920CE450B83E} = {2E02CD05-8D6C-48E3-AC86-B1DC8283B04B}
		{05E8CFD3-C678-4A75-8173-2E1C9F86C650} = {2E02CD05-8D6C-48E3-AC86-B1DC8283B04B}
		{4F7FD27D-F7A9-4BFA-AE82-81C1BD27F6D5} = {2E02CD05-8D6C-48E3-AC86-B1DC8283B04B}
		{46467E6F-9B97-47B2-B5D4-4CF74338682B} = {2E02CD05-8D6C-48E3-AC86-B1DC8283B04B}
		{5C4699CB-DC05-42BC-81B5-B6ABEE1B7063} = {2E02CD05-8D6C-48E3-AC86-B1DC8283B04B}
		{128A3DAE-7CDF-4075-A552-0FD8C9AFCCEC} = {2E02CD05-8D6C-48E3-AC86-B1DC8283B04B}
		{ED9B6918-1129-485F-9278-F9BCF13FE161} = {C8AB039C-E368-4C51-920D-06F2CEB2C95A}
		{4091D0B2-B4F6-4BB4-A44E-44A128AD1628} = {2E02CD05-8D6C-48E3-AC86-B1DC8283B04B}
		{68E4D3E2-AE19-403F-8436-1D87924B3903} = {2E02CD05-8D6C-48E3-AC86-B1DC8283B04B}
		{A7EC3CF5-76B0-4235-AE9F-05409E3308B9} = {2E02CD05-8D6C-48E3-AC86-B1DC8283B04B}
		{4F7DCA8A-8B67-4277-8F14-FA43E479CB9B} = {A7EC3CF5-76B0-4235-AE9F-05409E3308B9}
		{C8AB039C-E368-4C51-920D-06F2CEB2C95A} = {2E02CD05-8D6C-48E3-AC86-B1DC8283B04B}
		{1C87FC71-9BC8-4FC1-8A99-9B9F373D1B3A} = {7FEF3272-325A-4915-AC87-4300E48E0428}
		{5B330B55-D802-45FB-A09F-50654DC9442A} = {1DABF62F-1321-4854-A365-17F17B1BB994}
		{D0A82AB3-967B-4588-89F7-529E20909597} = {2E02CD05-8D6C-48E3-AC86-B1DC8283B04B}
		{056DF750-A19C-47E9-849C-58C890C178F0} = {C373C8DD-B13B-496C-8832-ADE5547CB2F8}
		{8FD2C02C-2913-4AB9-9439-ED0252EFB2F5} = {C373C8DD-B13B-496C-8832-ADE5547CB2F8}
		{AAB8EA74-218E-451A-B236-A175E82C74AF} = {C373C8DD-B13B-496C-8832-ADE5547CB2F8}
		{2B1BDAE7-679D-265E-788A-186A32411A59} = {C373C8DD-B13B-496C-8832-ADE5547CB2F8}
	EndGlobalSection
	GlobalSection(ExtensibilityGlobals) = postSolution
		SolutionGuid = {EA12D69B-8232-40F9-98F8-8A1C73796BFE}
	EndGlobalSection
EndGlobal
